
Microsoft Visual Studio Solution File, Format Version 12.00
# Visual Studio Version 17
VisualStudioVersion = 17.5.33502.453
MinimumVisualStudioVersion = 10.0.40219.1
Project("{2150E333-8FDC-42A3-9474-1A3956D46DE8}") = "Domain", "Domain", "{66BC2BF3-1218-4FF4-BFE2-CCA1EABCE999}"
EndProject
Project("{2150E333-8FDC-42A3-9474-1A3956D46DE8}") = "Microservices", "Microservices", "{5EFA6170-72BD-4CA6-B342-FF9782DD074E}"
EndProject
Project("{2150E333-8FDC-42A3-9474-1A3956D46DE8}") = "Infra.Bus", "Infra.Bus", "{B3C5F517-6472-4D97-A6FC-1FE1C62A7470}"
EndProject
Project("{2150E333-8FDC-42A3-9474-1A3956D46DE8}") = "Infra.IoC", "Infra.IoC", "{B5C75647-047D-41A5-9BBA-C3EB34274A8B}"
EndProject
Project("{2150E333-8FDC-42A3-9474-1A3956D46DE8}") = "Presentation", "Presentation", "{F7B5D1A7-2E80-4468-A757-4563F8033565}"
EndProject
Project("{FAE04EC0-301F-11D3-BF4B-00C04F79EFBC}") = "MicroRabbit.Domain.Core", "MicroRabbit.Domain.Core\MicroRabbit.Domain.Core.csproj", "{48AD57B1-C7DA-4FC5-9518-1E911EFE113F}"
EndProject
Global
	GlobalSection(SolutionConfigurationPlatforms) = preSolution
		Debug|Any CPU = Debug|Any CPU
		Release|Any CPU = Release|Any CPU
	EndGlobalSection
	GlobalSection(ProjectConfigurationPlatforms) = postSolution
		{48AD57B1-C7DA-4FC5-9518-1E911EFE113F}.Debug|Any CPU.ActiveCfg = Debug|Any CPU
		{48AD57B1-C7DA-4FC5-9518-1E911EFE113F}.Debug|Any CPU.Build.0 = Debug|Any CPU
		{48AD57B1-C7DA-4FC5-9518-1E911EFE113F}.Release|Any CPU.ActiveCfg = Release|Any CPU
		{48AD57B1-C7DA-4FC5-9518-1E911EFE113F}.Release|Any CPU.Build.0 = Release|Any CPU
	EndGlobalSection
	GlobalSection(SolutionProperties) = preSolution
		HideSolutionNode = FALSE
	EndGlobalSection
	GlobalSection(NestedProjects) = preSolution
		{48AD57B1-C7DA-4FC5-9518-1E911EFE113F} = {66BC2BF3-1218-4FF4-BFE2-CCA1EABCE999}
	EndGlobalSection
	GlobalSection(ExtensibilityGlobals) = postSolution
		SolutionGuid = {13740630-CD38-43F1-A90A-49597BA0220B}
	EndGlobalSection
EndGlobal
